// !$*UTF8*$!
{
	archiveVersion = 1;
	classes = {
	};
	objectVersion = 50;
	objects = {

/* Begin PBXBuildFile section */
		C2292CA022E8F43200F8F77F /* AppDelegate.swift in Sources */ = {isa = PBXBuildFile; fileRef = C2292C9F22E8F43200F8F77F /* AppDelegate.swift */; };
		C2292CA222E8F43200F8F77F /* ViewController.swift in Sources */ = {isa = PBXBuildFile; fileRef = C2292CA122E8F43200F8F77F /* ViewController.swift */; };
		C2292CA522E8F43200F8F77F /* Main.storyboard in Resources */ = {isa = PBXBuildFile; fileRef = C2292CA322E8F43200F8F77F /* Main.storyboard */; };
		C2292CA722E8F43400F8F77F /* Assets.xcassets in Resources */ = {isa = PBXBuildFile; fileRef = C2292CA622E8F43400F8F77F /* Assets.xcassets */; };
		C2292CAA22E8F43400F8F77F /* LaunchScreen.storyboard in Resources */ = {isa = PBXBuildFile; fileRef = C2292CA822E8F43400F8F77F /* LaunchScreen.storyboard */; };
		C2292CC222E9088300F8F77F /* animal.scnassets in Resources */ = {isa = PBXBuildFile; fileRef = C2292CC122E9088300F8F77F /* animal.scnassets */; };
/* End PBXBuildFile section */

/* Begin PBXFileReference section */
		C2292C9C22E8F43200F8F77F /* pet.app */ = {isa = PBXFileReference; explicitFileType = wrapper.application; includeInIndex = 0; path = pet.app; sourceTree = BUILT_PRODUCTS_DIR; };
		C2292C9F22E8F43200F8F77F /* AppDelegate.swift */ = {isa = PBXFileReference; lastKnownFileType = sourcecode.swift; path = AppDelegate.swift; sourceTree = "<group>"; };
		C2292CA122E8F43200F8F77F /* ViewController.swift */ = {isa = PBXFileReference; lastKnownFileType = sourcecode.swift; path = ViewController.swift; sourceTree = "<group>"; };
		C2292CA422E8F43200F8F77F /* Base */ = {isa = PBXFileReference; lastKnownFileType = file.storyboard; name = Base; path = Base.lproj/Main.storyboard; sourceTree = "<group>"; };
		C2292CA622E8F43400F8F77F /* Assets.xcassets */ = {isa = PBXFileReference; lastKnownFileType = folder.assetcatalog; path = Assets.xcassets; sourceTree = "<group>"; };
		C2292CA922E8F43400F8F77F /* Base */ = {isa = PBXFileReference; lastKnownFileType = file.storyboard; name = Base; path = Base.lproj/LaunchScreen.storyboard; sourceTree = "<group>"; };
		C2292CAB22E8F43400F8F77F /* Info.plist */ = {isa = PBXFileReference; lastKnownFileType = text.plist.xml; path = Info.plist; sourceTree = "<group>"; };
		C2292CC122E9088300F8F77F /* animal.scnassets */ = {isa = PBXFileReference; lastKnownFileType = wrapper.scnassets; path = animal.scnassets; sourceTree = "<group>"; };
/* End PBXFileReference section */

/* Begin PBXFrameworksBuildPhase section */
		C2292C9922E8F43200F8F77F /* Frameworks */ = {
			isa = PBXFrameworksBuildPhase;
			buildActionMask = 2147483647;
			files = (
			);
			runOnlyForDeploymentPostprocessing = 0;
		};
/* End PBXFrameworksBuildPhase section */

/* Begin PBXGroup section */
		C2292C9322E8F43200F8F77F = {
			isa = PBXGroup;
			children = (
				C2292C9E22E8F43200F8F77F /* pet */,
				C2292C9D22E8F43200F8F77F /* Products */,
			);
			sourceTree = "<group>";
		};
		C2292C9D22E8F43200F8F77F /* Products */ = {
			isa = PBXGroup;
			children = (
				C2292C9C22E8F43200F8F77F /* pet.app */,
			);
			name = Products;
			sourceTree = "<group>";
		};
		C2292C9E22E8F43200F8F77F /* pet */ = {
			isa = PBXGroup;
			children = (
				C2292C9F22E8F43200F8F77F /* AppDelegate.swift */,
				C2292CA122E8F43200F8F77F /* ViewController.swift */,
				C2292CA322E8F43200F8F77F /* Main.storyboard */,
				C2292CA622E8F43400F8F77F /* Assets.xcassets */,
				C2292CA822E8F43400F8F77F /* LaunchScreen.storyboard */,
				C2292CAB22E8F43400F8F77F /* Info.plist */,
				C2292CC122E9088300F8F77F /* animal.scnassets */,
			);
			path = pet;
			sourceTree = "<group>";
			usesTabs = 0;
		};
/* End PBXGroup section */

/* Begin PBXNativeTarget section */
		C2292C9B22E8F43200F8F77F /* pet */ = {
			isa = PBXNativeTarget;
			buildConfigurationList = C2292CAE22E8F43400F8F77F /* Build configuration list for PBXNativeTarget "pet" */;
			buildPhases = (
				C2292C9822E8F43200F8F77F /* Sources */,
				C2292C9922E8F43200F8F77F /* Frameworks */,
				C2292C9A22E8F43200F8F77F /* Resources */,
			);
			buildRules = (
			);
			dependencies = (
			);
			name = pet;
			productName = pet;
			productReference = C2292C9C22E8F43200F8F77F /* pet.app */;
			productType = "com.apple.product-type.application";
		};
/* End PBXNativeTarget section */

/* Begin PBXProject section */
		C2292C9422E8F43200F8F77F /* Project object */ = {
			isa = PBXProject;
			attributes = {
				LastSwiftUpdateCheck = 1020;
				LastUpgradeCheck = 1020;
				ORGANIZATIONNAME = GWC;
				TargetAttributes = {
					C2292C9B22E8F43200F8F77F = {
						CreatedOnToolsVersion = 10.2.1;
					};
				};
			};
			buildConfigurationList = C2292C9722E8F43200F8F77F /* Build configuration list for PBXProject "pet" */;
			compatibilityVersion = "Xcode 9.3";
			developmentRegion = en;
			hasScannedForEncodings = 0;
			knownRegions = (
				en,
				Base,
			);
			mainGroup = C2292C9322E8F43200F8F77F;
			productRefGroup = C2292C9D22E8F43200F8F77F /* Products */;
			projectDirPath = "";
			projectRoot = "";
			targets = (
				C2292C9B22E8F43200F8F77F /* pet */,
			);
		};
/* End PBXProject section */

/* Begin PBXResourcesBuildPhase section */
		C2292C9A22E8F43200F8F77F /* Resources */ = {
			isa = PBXResourcesBuildPhase;
			buildActionMask = 2147483647;
			files = (
				C2292CAA22E8F43400F8F77F /* LaunchScreen.storyboard in Resources */,
				C2292CA722E8F43400F8F77F /* Assets.xcassets in Resources */,
				C2292CC222E9088300F8F77F /* animal.scnassets in Resources */,
				C2292CA522E8F43200F8F77F /* Main.storyboard in Resources */,
			);
			runOnlyForDeploymentPostprocessing = 0;
		};
/* End PBXResourcesBuildPhase section */

/* Begin PBXSourcesBuildPhase section */
		C2292C9822E8F43200F8F77F /* Sources */ = {
			isa = PBXSourcesBuildPhase;
			buildActionMask = 2147483647;
			files = (
				C2292CA222E8F43200F8F77F /* ViewController.swift in Sources */,
				C2292CA022E8F43200F8F77F /* AppDelegate.swift in Sources */,
			);
			runOnlyForDeploymentPostprocessing = 0;
		};
/* End PBXSourcesBuildPhase section */

/* Begin PBXVariantGroup section */
		C2292CA322E8F43200F8F77F /* Main.storyboard */ = {
			isa = PBXVariantGroup;
			children = (
				C2292CA422E8F43200F8F77F /* Base */,
			);
			name = Main.storyboard;
			sourceTree = "<group>";
		};
		C2292CA822E8F43400F8F77F /* LaunchScreen.storyboard */ = {
			isa = PBXVariantGroup;
			children = (
				C2292CA922E8F43400F8F77F /* Base */,
			);
			name = LaunchScreen.storyboard;
			sourceTree = "<group>";
		};
/* End PBXVariantGroup section */

/* Begin XCBuildConfiguration section */
		C2292CAC22E8F43400F8F77F /* Debug */ = {
			isa = XCBuildConfiguration;
			buildSettings = {
				ALWAYS_SEARCH_USER_PATHS = NO;
				CLANG_ANALYZER_NONNULL = YES;
				CLANG_ANALYZER_NUMBER_OBJECT_CONVERSION = YES_AGGRESSIVE;
				CLANG_CXX_LANGUAGE_STANDARD = "gnu++14";
				CLANG_CXX_LIBRARY = "libc++";
				CLANG_ENABLE_MODULES = YES;
				CLANG_ENABLE_OBJC_ARC = YES;
				CLANG_ENABLE_OBJC_WEAK = YES;
				CLANG_WARN_BLOCK_CAPTURE_AUTORELEASING = YES;
				CLANG_WARN_BOOL_CONVERSION = YES;
				CLANG_WARN_COMMA = YES;
				CLANG_WARN_CONSTANT_CONVERSION = YES;
				CLANG_WARN_DEPRECATED_OBJC_IMPLEMENTATIONS = YES;
				CLANG_WARN_DIRECT_OBJC_ISA_USAGE = YES_ERROR;
				CLANG_WARN_DOCUMENTATION_COMMENTS = YES;
				CLANG_WARN_EMPTY_BODY = YES;
				CLANG_WARN_ENUM_CONVERSION = YES;
				CLANG_WARN_INFINITE_RECURSION = YES;
				CLANG_WARN_INT_CONVERSION = YES;
				CLANG_WARN_NON_LITERAL_NULL_CONVERSION = YES;
				CLANG_WARN_OBJC_IMPLICIT_RETAIN_SELF = YES;
				CLANG_WARN_OBJC_LITERAL_CONVERSION = YES;
				CLANG_WARN_OBJC_ROOT_CLASS = YES_ERROR;
				CLANG_WARN_RANGE_LOOP_ANALYSIS = YES;
				CLANG_WARN_STRICT_PROTOTYPES = YES;
				CLANG_WARN_SUSPICIOUS_MOVE = YES;
				CLANG_WARN_UNGUARDED_AVAILABILITY = YES_AGGRESSIVE;
				CLANG_WARN_UNREACHABLE_CODE = YES;
				CLANG_WARN__DUPLICATE_METHOD_MATCH = YES;
				CODE_SIGN_IDENTITY = "iPhone Developer";
				COPY_PHASE_STRIP = NO;
				DEBUG_INFORMATION_FORMAT = dwarf;
				ENABLE_STRICT_OBJC_MSGSEND = YES;
				ENABLE_TESTABILITY = YES;
				GCC_C_LANGUAGE_STANDARD = gnu11;
				GCC_DYNAMIC_NO_PIC = NO;
				GCC_NO_COMMON_BLOCKS = YES;
				GCC_OPTIMIZATION_LEVEL = 0;
				GCC_PREPROCESSOR_DEFINITIONS = (
					"DEBUG=1",
					"$(inherited)",
				);
				GCC_WARN_64_TO_32_BIT_CONVERSION = YES;
				GCC_WARN_ABOUT_RETURN_TYPE = YES_ERROR;
				GCC_WARN_UNDECLARED_SELECTOR = YES;
				GCC_WARN_UNINITIALIZED_AUTOS = YES_AGGRESSIVE;
				GCC_WARN_UNUSED_FUNCTION = YES;
				GCC_WARN_UNUSED_VARIABLE = YES;
				IPHONEOS_DEPLOYMENT_TARGET = 12.2;
				MTL_ENABLE_DEBUG_INFO = INCLUDE_SOURCE;
				MTL_FAST_MATH = YES;
				ONLY_ACTIVE_ARCH = YES;
				SDKROOT = iphoneos;
				SWIFT_ACTIVE_COMPILATION_CONDITIONS = DEBUG;
				SWIFT_OPTIMIZATION_LEVEL = "-Onone";
			};
			name = Debug;
		};
		C2292CAD22E8F43400F8F77F /* Release */ = {
			isa = XCBuildConfiguration;
			buildSettings = {
				ALWAYS_SEARCH_USER_PATHS = NO;
				CLANG_ANALYZER_NONNULL = YES;
				CLANG_ANALYZER_NUMBER_OBJECT_CONVERSION = YES_AGGRESSIVE;
				CLANG_CXX_LANGUAGE_STANDARD = "gnu++14";
				CLANG_CXX_LIBRARY = "libc++";
				CLANG_ENABLE_MODULES = YES;
				CLANG_ENABLE_OBJC_ARC = YES;
				CLANG_ENABLE_OBJC_WEAK = YES;
				CLANG_WARN_BLOCK_CAPTURE_AUTORELEASING = YES;
				CLANG_WARN_BOOL_CONVERSION = YES;
				CLANG_WARN_COMMA = YES;
				CLANG_WARN_CONSTANT_CONVERSION = YES;
				CLANG_WARN_DEPRECATED_OBJC_IMPLEMENTATIONS = YES;
				CLANG_WARN_DIRECT_OBJC_ISA_USAGE = YES_ERROR;
				CLANG_WARN_DOCUMENTATION_COMMENTS = YES;
				CLANG_WARN_EMPTY_BODY = YES;
				CLANG_WARN_ENUM_CONVERSION = YES;
				CLANG_WARN_INFINITE_RECURSION = YES;
				CLANG_WARN_INT_CONVERSION = YES;
				CLANG_WARN_NON_LITERAL_NULL_CONVERSION = YES;
				CLANG_WARN_OBJC_IMPLICIT_RETAIN_SELF = YES;
				CLANG_WARN_OBJC_LITERAL_CONVERSION = YES;
				CLANG_WARN_OBJC_ROOT_CLASS = YES_ERROR;
				CLANG_WARN_RANGE_LOOP_ANALYSIS = YES;
				CLANG_WARN_STRICT_PROTOTYPES = YES;
				CLANG_WARN_SUSPICIOUS_MOVE = YES;
				CLANG_WARN_UNGUARDED_AVAILABILITY = YES_AGGRESSIVE;
				CLANG_WARN_UNREACHABLE_CODE = YES;
				CLANG_WARN__DUPLICATE_METHOD_MATCH = YES;
				CODE_SIGN_IDENTITY = "iPhone Developer";
				COPY_PHASE_STRIP = NO;
				DEBUG_INFORMATION_FORMAT = "dwarf-with-dsym";
				ENABLE_NS_ASSERTIONS = NO;
				ENABLE_STRICT_OBJC_MSGSEND = YES;
				GCC_C_LANGUAGE_STANDARD = gnu11;
				GCC_NO_COMMON_BLOCKS = YES;
				GCC_WARN_64_TO_32_BIT_CONVERSION = YES;
				GCC_WARN_ABOUT_RETURN_TYPE = YES_ERROR;
				GCC_WARN_UNDECLARED_SELECTOR = YES;
				GCC_WARN_UNINITIALIZED_AUTOS = YES_AGGRESSIVE;
				GCC_WARN_UNUSED_FUNCTION = YES;
				GCC_WARN_UNUSED_VARIABLE = YES;
				IPHONEOS_DEPLOYMENT_TARGET = 12.2;
				MTL_ENABLE_DEBUG_INFO = NO;
				MTL_FAST_MATH = YES;
				SDKROOT = iphoneos;
				SWIFT_COMPILATION_MODE = wholemodule;
				SWIFT_OPTIMIZATION_LEVEL = "-O";
				VALIDATE_PRODUCT = YES;
			};
			name = Release;
		};
		C2292CAF22E8F43400F8F77F /* Debug */ = {
			isa = XCBuildConfiguration;
			buildSettings = {
				ASSETCATALOG_COMPILER_APPICON_NAME = AppIcon;
				CODE_SIGN_STYLE = Automatic;
				DEVELOPMENT_TEAM = CKN8SD9KJ4;
				INFOPLIST_FILE = pet/Info.plist;
				LD_RUNPATH_SEARCH_PATHS = (
					"$(inherited)",
					"@executable_path/Frameworks",
				);
				PRODUCT_BUNDLE_IDENTIFIER = Sue.pet;
				PRODUCT_NAME = "$(TARGET_NAME)";
				SWIFT_VERSION = 5.0;
				TARGETED_DEVICE_FAMILY = "1,2";
			};
			name = Debug;
		};
		C2292CB022E8F43400F8F77F /* Release */ = {
			isa = XCBuildConfiguration;
			buildSettings = {
				ASSETCATALOG_COMPILER_APPICON_NAME = AppIcon;
				CODE_SIGN_STYLE = Automatic;
				DEVELOPMENT_TEAM = CKN8SD9KJ4;
				INFOPLIST_FILE = pet/Info.plist;
				LD_RUNPATH_SEARCH_PATHS = (
					"$(inherited)",
					"@executable_path/Frameworks",
				);
				PRODUCT_BUNDLE_IDENTIFIER = Sue.pet;
				PRODUCT_NAME = "$(TARGET_NAME)";
				SWIFT_VERSION = 5.0;
				TARGETED_DEVICE_FAMILY = "1,2";
			};
			name = Release;
		};
/* End XCBuildConfiguration section */

/* Begin XCConfigurationList section */
		C2292C9722E8F43200F8F77F /* Build configuration list for PBXProject "pet" */ = {
			isa = XCConfigurationList;
			buildConfigurations = (
				C2292CAC22E8F43400F8F77F /* Debug */,
				C2292CAD22E8F43400F8F77F /* Release */,
			);
			defaultConfigurationIsVisible = 0;
			defaultConfigurationName = Release;
		};
		C2292CAE22E8F43400F8F77F /* Build configuration list for PBXNativeTarget "pet" */ = {
			isa = XCConfigurationList;
			buildConfigurations = (
				C2292CAF22E8F43400F8F77F /* Debug */,
				C2292CB022E8F43400F8F77F /* Release */,
			);
			defaultConfigurationIsVisible = 0;
			defaultConfigurationName = Release;
		};
/* End XCConfigurationList section */
	};
	rootObject = C2292C9422E8F43200F8F77F /* Project object */;
}
